
Microsoft Visual Studio Solution File, Format Version 12.00
# Visual Studio Version 16
VisualStudioVersion = 16.0.808.4
MinimumVisualStudioVersion = 10.0.40219.1
Project("{FAE04EC0-301F-11D3-BF4B-00C04F79EFBC}") = "SpecflowBrowserStack", "SpecflowBrowserStack\SpecflowBrowserStack.csproj", "{D6FE8F49-5B2F-463F-A630-65FE76E376F1}"
EndProject
Global
	GlobalSection(SolutionConfigurationPlatforms) = preSolution
		Debug|anycpu = Debug|anycpu
		Release|anycpu = Release|anycpu
	EndGlobalSection
	GlobalSection(ProjectConfigurationPlatforms) = postSolution
		{D6FE8F49-5B2F-463F-A630-65FE76E376F1}.Debug|anycpu.ActiveCfg = Debug|anycpu
		{D6FE8F49-5B2F-463F-A630-65FE76E376F1}.Debug|anycpu.Build.0 = Debug|anycpu
		{D6FE8F49-5B2F-463F-A630-65FE76E376F1}.Release|anycpu.ActiveCfg = Release|anycpu
		{D6FE8F49-5B2F-463F-A630-65FE76E376F1}.Release|anycpu.Build.0 = Release|anycpu
	EndGlobalSection
	GlobalSection(SolutionProperties) = preSolution
		HideSolutionNode = FALSE
	EndGlobalSection
	GlobalSection(ExtensibilityGlobals) = postSolution
		SolutionGuid = {F5A9A038-A001-4814-A5D9-A0A934451F93}
	EndGlobalSection
EndGlobal
